
Microsoft Visual Studio Solution File, Format Version 12.00
# Visual Studio 14
VisualStudioVersion = 14.0.25420.1
MinimumVisualStudioVersion = 10.0.40219.1
Project("{2150E333-8FDC-42A3-9474-1A3956D46DE8}") = "binary", "binary", "{39A77CC0-2174-4882-9181-2E16FE4D2A8F}"
	ProjectSection(SolutionItems) = preProject
		binary\Interop.FREngine.dll = binary\Interop.FREngine.dll
		binary\Ionic.Zip.dll = binary\Ionic.Zip.dll
		binary\itextsharp.dll = binary\itextsharp.dll
		binary\NortiaSession.dll = binary\NortiaSession.dll
		binary\Telerik.Web.Design.dll = binary\Telerik.Web.Design.dll
		binary\Telerik.Web.UI.dll = binary\Telerik.Web.UI.dll
	EndProjectSection
EndProject
Project("{2150E333-8FDC-42A3-9474-1A3956D46DE8}") = "TallComponents", "TallComponents", "{3C91099A-1E98-4212-A931-373646EE79A0}"
	ProjectSection(SolutionItems) = preProject
		binary\TallComponents\TallComponents.PDF.Layout.dll = binary\TallComponents\TallComponents.PDF.Layout.dll
		binary\TallComponents\TallComponents.PDF.Rasterizer.dll = binary\TallComponents\TallComponents.PDF.Rasterizer.dll
	EndProjectSection
EndProject
Project("{2150E333-8FDC-42A3-9474-1A3956D46DE8}") = "192.168.1.7", "192.168.1.7", "{FA9D5B6A-7C17-43F4-8260-4CC29AF01873}"
	ProjectSection(SolutionItems) = preProject
		binary\TallComponents\192.168.1.7\TallComponents.PDF.Kit.dll = binary\TallComponents\192.168.1.7\TallComponents.PDF.Kit.dll
		binary\TallComponents\192.168.1.7\TallComponents.WebToPDF.dll = binary\TallComponents\192.168.1.7\TallComponents.WebToPDF.dll
	EndProjectSection
EndProject
Project("{2150E333-8FDC-42A3-9474-1A3956D46DE8}") = "192.168.3.1", "192.168.3.1", "{29157EB4-3B45-4AB5-9084-ACC83C045FF2}"
	ProjectSection(SolutionItems) = preProject
		binary\TallComponents\192.168.3.1\TallComponents.PDF.Kit.dll = binary\TallComponents\192.168.3.1\TallComponents.PDF.Kit.dll
		binary\TallComponents\192.168.3.1\TallComponents.WebToPDF.dll = binary\TallComponents\192.168.3.1\TallComponents.WebToPDF.dll
	EndProjectSection
EndProject
Project("{FAE04EC0-301F-11D3-BF4B-00C04F79EFBC}") = "GED.Tools", "GED.Tools\GED.Tools.csproj", "{1F5DDA92-9F1F-4C25-AE35-3BA4342D34E3}"
EndProject
Project("{F184B08F-C81C-45F6-A57F-5ABD9991F28F}") = "DSCapture", "DSCapture\DSCapture.vbproj", "{8FF07275-FED6-40BE-BEAD-B891975D7856}"
EndProject
Project("{FAE04EC0-301F-11D3-BF4B-00C04F79EFBC}") = "GED.Interface", "GED.Interface\GED.Interface.csproj", "{3813BFB5-107C-4416-A4CB-793A832E4582}"
EndProject
Project("{FAE04EC0-301F-11D3-BF4B-00C04F79EFBC}") = "IndexationGED", "IndexationGED\IndexationGED.csproj", "{F6EB53C7-AAA3-4BF2-943E-7123CD8CFB11}"
EndProject
Project("{FAE04EC0-301F-11D3-BF4B-00C04F79EFBC}") = "IntegrationAvenant", "IntegrationAvenant\IntegrationAvenant.csproj", "{661B053F-FBC9-4DBE-A483-D2061A0EAF47}"
EndProject
Project("{FAE04EC0-301F-11D3-BF4B-00C04F79EFBC}") = "ScanDocGED", "ScanDocGED\ScanDocGED.csproj", "{E50D8D25-0AD1-4BE4-96E3-2FA655002C56}"
EndProject
Project("{FAE04EC0-301F-11D3-BF4B-00C04F79EFBC}") = "GED.Handlers", "GED.Handlers\GED.Handlers.csproj", "{29ECA4EF-2167-4AED-AB10-8FD375C5CA98}"
EndProject
Project("{FAE04EC0-301F-11D3-BF4B-00C04F79EFBC}") = "GED.Consultation", "GED.Consultation\GED.Consultation.csproj", "{AF886558-D895-47AC-8EEF-73CF1820CEEB}"
EndProject
Project("{FAE04EC0-301F-11D3-BF4B-00C04F79EFBC}") = "GenerationProd", "GenerationProd\GenerationProd.csproj", "{14133341-07F1-4531-8B77-FDB65BE28716}"
EndProject
Project("{FAE04EC0-301F-11D3-BF4B-00C04F79EFBC}") = "GED.InterfaceNI", "GED.InterfaceNI\GED.InterfaceNI.csproj", "{5DB0829F-9FAF-4E97-993A-18C1DFE17392}"
EndProject
Project("{FAE04EC0-301F-11D3-BF4B-00C04F79EFBC}") = "ScanDocGEDNI", "ScanDocGEDNI\ScanDocGEDNI.csproj", "{BB68A454-0224-4876-B147-04FB625DB301}"
EndProject
Project("{FAE04EC0-301F-11D3-BF4B-00C04F79EFBC}") = "WS_GED", "WS_GED\WS_GED.csproj", "{5770481B-DA3C-433D-9417-80B1118AAAE3}"
EndProject
Project("{FAE04EC0-301F-11D3-BF4B-00C04F79EFBC}") = "AvenantSender", "AvenantSender\AvenantSender.csproj", "{5CF69E87-625A-4918-9D6D-D8AD71262F1A}"
EndProject
Project("{FAE04EC0-301F-11D3-BF4B-00C04F79EFBC}") = "AvenantSenderNI", "AvenantSenderNI\AvenantSenderNI.csproj", "{B575B5CC-FE17-4B9E-B3B6-73877F609AF9}"
EndProject
Project("{FAE04EC0-301F-11D3-BF4B-00C04F79EFBC}") = "CopieProd", "CopieProd\CopieProd.csproj", "{D7DAEAE5-167C-4A61-B762-F05AC767800B}"
EndProject
Project("{FAE04EC0-301F-11D3-BF4B-00C04F79EFBC}") = "Tests.Interfaces", "Tests.Interfaces\Tests.Interfaces.csproj", "{3739C3A3-358B-4DC7-A734-7120222077C4}"
	ProjectSection(ProjectDependencies) = postProject
		{14133341-07F1-4531-8B77-FDB65BE28716} = {14133341-07F1-4531-8B77-FDB65BE28716}
	EndProjectSection
EndProject
Project("{FAE04EC0-301F-11D3-BF4B-00C04F79EFBC}") = "SuiviDeTransfer", "SuiviDeTransfer\SuiviDeTransfer.csproj", "{E9EC9AF3-7A77-4B8A-894F-EE2F6C750115}"
EndProject
Project("{2150E333-8FDC-42A3-9474-1A3956D46DE8}") = "Solution Items", "Solution Items", "{B4828E85-FD95-4EEB-9219-2978B11B3B3D}"
	ProjectSection(SolutionItems) = preProject
		.gitignore = .gitignore
		TextFile1.txt = TextFile1.txt
	EndProjectSection
EndProject
Project("{FAE04EC0-301F-11D3-BF4B-00C04F79EFBC}") = "Log", "Log\Log.csproj", "{7D876E17-69DD-435C-9951-F28D477B0705}"
EndProject
Global
	GlobalSection(SolutionConfigurationPlatforms) = preSolution
		Debug|Any CPU = Debug|Any CPU
		Debug|Mixed Platforms = Debug|Mixed Platforms
		Debug|x86 = Debug|x86
		Development|Any CPU = Development|Any CPU
		Development|Mixed Platforms = Development|Mixed Platforms
		Development|x86 = Development|x86
		Release|Any CPU = Release|Any CPU
		Release|Mixed Platforms = Release|Mixed Platforms
		Release|x86 = Release|x86
	EndGlobalSection
	GlobalSection(ProjectConfigurationPlatforms) = postSolution
		{1F5DDA92-9F1F-4C25-AE35-3BA4342D34E3}.Debug|Any CPU.ActiveCfg = Debug|Any CPU
		{1F5DDA92-9F1F-4C25-AE35-3BA4342D34E3}.Debug|Any CPU.Build.0 = Debug|Any CPU
		{1F5DDA92-9F1F-4C25-AE35-3BA4342D34E3}.Debug|Mixed Platforms.ActiveCfg = Debug|Any CPU
		{1F5DDA92-9F1F-4C25-AE35-3BA4342D34E3}.Debug|Mixed Platforms.Build.0 = Debug|Any CPU
		{1F5DDA92-9F1F-4C25-AE35-3BA4342D34E3}.Debug|x86.ActiveCfg = Debug|Any CPU
		{1F5DDA92-9F1F-4C25-AE35-3BA4342D34E3}.Development|Any CPU.ActiveCfg = DEV|Any CPU
		{1F5DDA92-9F1F-4C25-AE35-3BA4342D34E3}.Development|Any CPU.Build.0 = DEV|Any CPU
		{1F5DDA92-9F1F-4C25-AE35-3BA4342D34E3}.Development|Mixed Platforms.ActiveCfg = DEV|Any CPU
		{1F5DDA92-9F1F-4C25-AE35-3BA4342D34E3}.Development|Mixed Platforms.Build.0 = DEV|Any CPU
		{1F5DDA92-9F1F-4C25-AE35-3BA4342D34E3}.Development|x86.ActiveCfg = DEV|Any CPU
		{1F5DDA92-9F1F-4C25-AE35-3BA4342D34E3}.Development|x86.Build.0 = DEV|Any CPU
		{1F5DDA92-9F1F-4C25-AE35-3BA4342D34E3}.Release|Any CPU.ActiveCfg = Release|Any CPU
		{1F5DDA92-9F1F-4C25-AE35-3BA4342D34E3}.Release|Any CPU.Build.0 = Release|Any CPU
		{1F5DDA92-9F1F-4C25-AE35-3BA4342D34E3}.Release|Mixed Platforms.ActiveCfg = Release|Any CPU
		{1F5DDA92-9F1F-4C25-AE35-3BA4342D34E3}.Release|Mixed Platforms.Build.0 = Release|Any CPU
		{1F5DDA92-9F1F-4C25-AE35-3BA4342D34E3}.Release|x86.ActiveCfg = Release|Any CPU
		{8FF07275-FED6-40BE-BEAD-B891975D7856}.Debug|Any CPU.ActiveCfg = Debug|Any CPU
		{8FF07275-FED6-40BE-BEAD-B891975D7856}.Debug|Any CPU.Build.0 = Debug|Any CPU
		{8FF07275-FED6-40BE-BEAD-B891975D7856}.Debug|Mixed Platforms.ActiveCfg = Debug|Any CPU
		{8FF07275-FED6-40BE-BEAD-B891975D7856}.Debug|Mixed Platforms.Build.0 = Debug|Any CPU
		{8FF07275-FED6-40BE-BEAD-B891975D7856}.Debug|x86.ActiveCfg = Debug|Any CPU
		{8FF07275-FED6-40BE-BEAD-B891975D7856}.Development|Any CPU.ActiveCfg = DEV|Any CPU
		{8FF07275-FED6-40BE-BEAD-B891975D7856}.Development|Any CPU.Build.0 = DEV|Any CPU
		{8FF07275-FED6-40BE-BEAD-B891975D7856}.Development|Mixed Platforms.ActiveCfg = DEV|Any CPU
		{8FF07275-FED6-40BE-BEAD-B891975D7856}.Development|Mixed Platforms.Build.0 = DEV|Any CPU
		{8FF07275-FED6-40BE-BEAD-B891975D7856}.Development|x86.ActiveCfg = DEV|Any CPU
		{8FF07275-FED6-40BE-BEAD-B891975D7856}.Development|x86.Build.0 = DEV|Any CPU
		{8FF07275-FED6-40BE-BEAD-B891975D7856}.Release|Any CPU.ActiveCfg = Release|Any CPU
		{8FF07275-FED6-40BE-BEAD-B891975D7856}.Release|Any CPU.Build.0 = Release|Any CPU
		{8FF07275-FED6-40BE-BEAD-B891975D7856}.Release|Mixed Platforms.ActiveCfg = Release|Any CPU
		{8FF07275-FED6-40BE-BEAD-B891975D7856}.Release|Mixed Platforms.Build.0 = Release|Any CPU
		{8FF07275-FED6-40BE-BEAD-B891975D7856}.Release|x86.ActiveCfg = Release|Any CPU
		{3813BFB5-107C-4416-A4CB-793A832E4582}.Debug|Any CPU.ActiveCfg = Debug|Any CPU
		{3813BFB5-107C-4416-A4CB-793A832E4582}.Debug|Any CPU.Build.0 = Debug|Any CPU
		{3813BFB5-107C-4416-A4CB-793A832E4582}.Debug|Mixed Platforms.ActiveCfg = Debug|Any CPU
		{3813BFB5-107C-4416-A4CB-793A832E4582}.Debug|Mixed Platforms.Build.0 = Debug|Any CPU
		{3813BFB5-107C-4416-A4CB-793A832E4582}.Debug|x86.ActiveCfg = Debug|Any CPU
		{3813BFB5-107C-4416-A4CB-793A832E4582}.Development|Any CPU.ActiveCfg = DEV|Any CPU
		{3813BFB5-107C-4416-A4CB-793A832E4582}.Development|Any CPU.Build.0 = DEV|Any CPU
		{3813BFB5-107C-4416-A4CB-793A832E4582}.Development|Mixed Platforms.ActiveCfg = DEV|Any CPU
		{3813BFB5-107C-4416-A4CB-793A832E4582}.Development|Mixed Platforms.Build.0 = DEV|Any CPU
		{3813BFB5-107C-4416-A4CB-793A832E4582}.Development|x86.ActiveCfg = DEV|Any CPU
		{3813BFB5-107C-4416-A4CB-793A832E4582}.Development|x86.Build.0 = DEV|Any CPU
		{3813BFB5-107C-4416-A4CB-793A832E4582}.Release|Any CPU.ActiveCfg = Release|Any CPU
		{3813BFB5-107C-4416-A4CB-793A832E4582}.Release|Any CPU.Build.0 = Release|Any CPU
		{3813BFB5-107C-4416-A4CB-793A832E4582}.Release|Mixed Platforms.ActiveCfg = Release|Any CPU
		{3813BFB5-107C-4416-A4CB-793A832E4582}.Release|Mixed Platforms.Build.0 = Release|Any CPU
		{3813BFB5-107C-4416-A4CB-793A832E4582}.Release|x86.ActiveCfg = Release|Any CPU
		{F6EB53C7-AAA3-4BF2-943E-7123CD8CFB11}.Debug|Any CPU.ActiveCfg = Debug|Any CPU
		{F6EB53C7-AAA3-4BF2-943E-7123CD8CFB11}.Debug|Any CPU.Build.0 = Debug|Any CPU
		{F6EB53C7-AAA3-4BF2-943E-7123CD8CFB11}.Debug|Mixed Platforms.ActiveCfg = Debug|Any CPU
		{F6EB53C7-AAA3-4BF2-943E-7123CD8CFB11}.Debug|Mixed Platforms.Build.0 = Debug|Any CPU
		{F6EB53C7-AAA3-4BF2-943E-7123CD8CFB11}.Debug|x86.ActiveCfg = Debug|Any CPU
		{F6EB53C7-AAA3-4BF2-943E-7123CD8CFB11}.Development|Any CPU.ActiveCfg = DEV|Any CPU
		{F6EB53C7-AAA3-4BF2-943E-7123CD8CFB11}.Development|Any CPU.Build.0 = DEV|Any CPU
		{F6EB53C7-AAA3-4BF2-943E-7123CD8CFB11}.Development|Mixed Platforms.ActiveCfg = DEV|Any CPU
		{F6EB53C7-AAA3-4BF2-943E-7123CD8CFB11}.Development|Mixed Platforms.Build.0 = DEV|Any CPU
		{F6EB53C7-AAA3-4BF2-943E-7123CD8CFB11}.Development|x86.ActiveCfg = DEV|Any CPU
		{F6EB53C7-AAA3-4BF2-943E-7123CD8CFB11}.Development|x86.Build.0 = DEV|Any CPU
		{F6EB53C7-AAA3-4BF2-943E-7123CD8CFB11}.Release|Any CPU.ActiveCfg = Release|Any CPU
		{F6EB53C7-AAA3-4BF2-943E-7123CD8CFB11}.Release|Any CPU.Build.0 = Release|Any CPU
		{F6EB53C7-AAA3-4BF2-943E-7123CD8CFB11}.Release|Mixed Platforms.ActiveCfg = Release|Any CPU
		{F6EB53C7-AAA3-4BF2-943E-7123CD8CFB11}.Release|Mixed Platforms.Build.0 = Release|Any CPU
		{F6EB53C7-AAA3-4BF2-943E-7123CD8CFB11}.Release|x86.ActiveCfg = Release|Any CPU
		{661B053F-FBC9-4DBE-A483-D2061A0EAF47}.Debug|Any CPU.ActiveCfg = Debug|x86
		{661B053F-FBC9-4DBE-A483-D2061A0EAF47}.Debug|Any CPU.Build.0 = Debug|x86
		{661B053F-FBC9-4DBE-A483-D2061A0EAF47}.Debug|Mixed Platforms.ActiveCfg = Debug|x86
		{661B053F-FBC9-4DBE-A483-D2061A0EAF47}.Debug|Mixed Platforms.Build.0 = Debug|x86
		{661B053F-FBC9-4DBE-A483-D2061A0EAF47}.Debug|x86.ActiveCfg = Debug|x86
		{661B053F-FBC9-4DBE-A483-D2061A0EAF47}.Debug|x86.Build.0 = Debug|x86
		{661B053F-FBC9-4DBE-A483-D2061A0EAF47}.Development|Any CPU.ActiveCfg = QUALIF3.5|x86
		{661B053F-FBC9-4DBE-A483-D2061A0EAF47}.Development|Any CPU.Build.0 = QUALIF3.5|x86
		{661B053F-FBC9-4DBE-A483-D2061A0EAF47}.Development|Mixed Platforms.ActiveCfg = DEV|x86
		{661B053F-FBC9-4DBE-A483-D2061A0EAF47}.Development|Mixed Platforms.Build.0 = DEV|x86
		{661B053F-FBC9-4DBE-A483-D2061A0EAF47}.Development|x86.ActiveCfg = DEV|x86
		{661B053F-FBC9-4DBE-A483-D2061A0EAF47}.Development|x86.Build.0 = DEV|x86
		{661B053F-FBC9-4DBE-A483-D2061A0EAF47}.Release|Any CPU.ActiveCfg = Release|x86
		{661B053F-FBC9-4DBE-A483-D2061A0EAF47}.Release|Mixed Platforms.ActiveCfg = Release|x86
		{661B053F-FBC9-4DBE-A483-D2061A0EAF47}.Release|Mixed Platforms.Build.0 = Release|x86
		{661B053F-FBC9-4DBE-A483-D2061A0EAF47}.Release|x86.ActiveCfg = Release|x86
		{661B053F-FBC9-4DBE-A483-D2061A0EAF47}.Release|x86.Build.0 = Release|x86
		{E50D8D25-0AD1-4BE4-96E3-2FA655002C56}.Debug|Any CPU.ActiveCfg = Debug|x86
		{E50D8D25-0AD1-4BE4-96E3-2FA655002C56}.Debug|Any CPU.Build.0 = Debug|x86
		{E50D8D25-0AD1-4BE4-96E3-2FA655002C56}.Debug|Mixed Platforms.ActiveCfg = Debug|x86
		{E50D8D25-0AD1-4BE4-96E3-2FA655002C56}.Debug|Mixed Platforms.Build.0 = Debug|x86
		{E50D8D25-0AD1-4BE4-96E3-2FA655002C56}.Debug|x86.ActiveCfg = Debug|x86
		{E50D8D25-0AD1-4BE4-96E3-2FA655002C56}.Debug|x86.Build.0 = Debug|x86
		{E50D8D25-0AD1-4BE4-96E3-2FA655002C56}.Development|Any CPU.ActiveCfg = QUALIF3.5|x86
		{E50D8D25-0AD1-4BE4-96E3-2FA655002C56}.Development|Any CPU.Build.0 = QUALIF3.5|x86
		{E50D8D25-0AD1-4BE4-96E3-2FA655002C56}.Development|Mixed Platforms.ActiveCfg = DEV|x86
		{E50D8D25-0AD1-4BE4-96E3-2FA655002C56}.Development|Mixed Platforms.Build.0 = DEV|x86
		{E50D8D25-0AD1-4BE4-96E3-2FA655002C56}.Development|x86.ActiveCfg = DEV|x86
		{E50D8D25-0AD1-4BE4-96E3-2FA655002C56}.Development|x86.Build.0 = DEV|x86
		{E50D8D25-0AD1-4BE4-96E3-2FA655002C56}.Release|Any CPU.ActiveCfg = Release|x86
		{E50D8D25-0AD1-4BE4-96E3-2FA655002C56}.Release|Mixed Platforms.ActiveCfg = Release|x86
		{E50D8D25-0AD1-4BE4-96E3-2FA655002C56}.Release|Mixed Platforms.Build.0 = Release|x86
		{E50D8D25-0AD1-4BE4-96E3-2FA655002C56}.Release|x86.ActiveCfg = Release|x86
		{E50D8D25-0AD1-4BE4-96E3-2FA655002C56}.Release|x86.Build.0 = Release|x86
		{29ECA4EF-2167-4AED-AB10-8FD375C5CA98}.Debug|Any CPU.ActiveCfg = Debug|Any CPU
		{29ECA4EF-2167-4AED-AB10-8FD375C5CA98}.Debug|Any CPU.Build.0 = Debug|Any CPU
		{29ECA4EF-2167-4AED-AB10-8FD375C5CA98}.Debug|Mixed Platforms.ActiveCfg = Debug|Any CPU
		{29ECA4EF-2167-4AED-AB10-8FD375C5CA98}.Debug|Mixed Platforms.Build.0 = Debug|Any CPU
		{29ECA4EF-2167-4AED-AB10-8FD375C5CA98}.Debug|x86.ActiveCfg = Debug|Any CPU
		{29ECA4EF-2167-4AED-AB10-8FD375C5CA98}.Development|Any CPU.ActiveCfg = DEV|Any CPU
		{29ECA4EF-2167-4AED-AB10-8FD375C5CA98}.Development|Any CPU.Build.0 = DEV|Any CPU
		{29ECA4EF-2167-4AED-AB10-8FD375C5CA98}.Development|Mixed Platforms.ActiveCfg = DEV|Any CPU
		{29ECA4EF-2167-4AED-AB10-8FD375C5CA98}.Development|Mixed Platforms.Build.0 = DEV|Any CPU
		{29ECA4EF-2167-4AED-AB10-8FD375C5CA98}.Development|x86.ActiveCfg = DEV|Any CPU
		{29ECA4EF-2167-4AED-AB10-8FD375C5CA98}.Development|x86.Build.0 = DEV|Any CPU
		{29ECA4EF-2167-4AED-AB10-8FD375C5CA98}.Release|Any CPU.ActiveCfg = Release|Any CPU
		{29ECA4EF-2167-4AED-AB10-8FD375C5CA98}.Release|Any CPU.Build.0 = Release|Any CPU
		{29ECA4EF-2167-4AED-AB10-8FD375C5CA98}.Release|Mixed Platforms.ActiveCfg = Release|Any CPU
		{29ECA4EF-2167-4AED-AB10-8FD375C5CA98}.Release|Mixed Platforms.Build.0 = Release|Any CPU
		{29ECA4EF-2167-4AED-AB10-8FD375C5CA98}.Release|x86.ActiveCfg = Release|Any CPU
		{AF886558-D895-47AC-8EEF-73CF1820CEEB}.Debug|Any CPU.ActiveCfg = Debug|Any CPU
		{AF886558-D895-47AC-8EEF-73CF1820CEEB}.Debug|Any CPU.Build.0 = Debug|Any CPU
		{AF886558-D895-47AC-8EEF-73CF1820CEEB}.Debug|Mixed Platforms.ActiveCfg = Debug|Any CPU
		{AF886558-D895-47AC-8EEF-73CF1820CEEB}.Debug|Mixed Platforms.Build.0 = Debug|Any CPU
		{AF886558-D895-47AC-8EEF-73CF1820CEEB}.Debug|x86.ActiveCfg = Debug|Any CPU
		{AF886558-D895-47AC-8EEF-73CF1820CEEB}.Development|Any CPU.ActiveCfg = DEV|Any CPU
		{AF886558-D895-47AC-8EEF-73CF1820CEEB}.Development|Any CPU.Build.0 = DEV|Any CPU
		{AF886558-D895-47AC-8EEF-73CF1820CEEB}.Development|Mixed Platforms.ActiveCfg = DEV|Any CPU
		{AF886558-D895-47AC-8EEF-73CF1820CEEB}.Development|Mixed Platforms.Build.0 = DEV|Any CPU
		{AF886558-D895-47AC-8EEF-73CF1820CEEB}.Development|x86.ActiveCfg = DEV|Any CPU
		{AF886558-D895-47AC-8EEF-73CF1820CEEB}.Development|x86.Build.0 = DEV|Any CPU
		{AF886558-D895-47AC-8EEF-73CF1820CEEB}.Release|Any CPU.ActiveCfg = Release|Any CPU
		{AF886558-D895-47AC-8EEF-73CF1820CEEB}.Release|Any CPU.Build.0 = Release|Any CPU
		{AF886558-D895-47AC-8EEF-73CF1820CEEB}.Release|Mixed Platforms.ActiveCfg = Release|Any CPU
		{AF886558-D895-47AC-8EEF-73CF1820CEEB}.Release|Mixed Platforms.Build.0 = Release|Any CPU
		{AF886558-D895-47AC-8EEF-73CF1820CEEB}.Release|x86.ActiveCfg = Release|Any CPU
		{14133341-07F1-4531-8B77-FDB65BE28716}.Debug|Any CPU.ActiveCfg = Debug|Any CPU
		{14133341-07F1-4531-8B77-FDB65BE28716}.Debug|Any CPU.Build.0 = Debug|Any CPU
		{14133341-07F1-4531-8B77-FDB65BE28716}.Debug|Mixed Platforms.ActiveCfg = Debug|Any CPU
		{14133341-07F1-4531-8B77-FDB65BE28716}.Debug|Mixed Platforms.Build.0 = Debug|Any CPU
		{14133341-07F1-4531-8B77-FDB65BE28716}.Debug|x86.ActiveCfg = Debug|Any CPU
		{14133341-07F1-4531-8B77-FDB65BE28716}.Development|Any CPU.ActiveCfg = DEV|Any CPU
		{14133341-07F1-4531-8B77-FDB65BE28716}.Development|Any CPU.Build.0 = DEV|Any CPU
		{14133341-07F1-4531-8B77-FDB65BE28716}.Development|Mixed Platforms.ActiveCfg = DEV|Any CPU
		{14133341-07F1-4531-8B77-FDB65BE28716}.Development|Mixed Platforms.Build.0 = DEV|Any CPU
		{14133341-07F1-4531-8B77-FDB65BE28716}.Development|x86.ActiveCfg = DEV|Any CPU
		{14133341-07F1-4531-8B77-FDB65BE28716}.Development|x86.Build.0 = DEV|Any CPU
		{14133341-07F1-4531-8B77-FDB65BE28716}.Release|Any CPU.ActiveCfg = Release|Any CPU
		{14133341-07F1-4531-8B77-FDB65BE28716}.Release|Any CPU.Build.0 = Release|Any CPU
		{14133341-07F1-4531-8B77-FDB65BE28716}.Release|Mixed Platforms.ActiveCfg = Release|Any CPU
		{14133341-07F1-4531-8B77-FDB65BE28716}.Release|Mixed Platforms.Build.0 = Release|Any CPU
		{14133341-07F1-4531-8B77-FDB65BE28716}.Release|x86.ActiveCfg = Release|Any CPU
		{5DB0829F-9FAF-4E97-993A-18C1DFE17392}.Debug|Any CPU.ActiveCfg = Debug|Any CPU
		{5DB0829F-9FAF-4E97-993A-18C1DFE17392}.Debug|Any CPU.Build.0 = Debug|Any CPU
		{5DB0829F-9FAF-4E97-993A-18C1DFE17392}.Debug|Mixed Platforms.ActiveCfg = Debug|Any CPU
		{5DB0829F-9FAF-4E97-993A-18C1DFE17392}.Debug|Mixed Platforms.Build.0 = Debug|Any CPU
		{5DB0829F-9FAF-4E97-993A-18C1DFE17392}.Debug|x86.ActiveCfg = Debug|Any CPU
		{5DB0829F-9FAF-4E97-993A-18C1DFE17392}.Development|Any CPU.ActiveCfg = DEV|Any CPU
		{5DB0829F-9FAF-4E97-993A-18C1DFE17392}.Development|Any CPU.Build.0 = DEV|Any CPU
		{5DB0829F-9FAF-4E97-993A-18C1DFE17392}.Development|Mixed Platforms.ActiveCfg = DEV|Any CPU
		{5DB0829F-9FAF-4E97-993A-18C1DFE17392}.Development|Mixed Platforms.Build.0 = DEV|Any CPU
		{5DB0829F-9FAF-4E97-993A-18C1DFE17392}.Development|x86.ActiveCfg = DEV|Any CPU
		{5DB0829F-9FAF-4E97-993A-18C1DFE17392}.Development|x86.Build.0 = DEV|Any CPU
		{5DB0829F-9FAF-4E97-993A-18C1DFE17392}.Release|Any CPU.ActiveCfg = Release|Any CPU
		{5DB0829F-9FAF-4E97-993A-18C1DFE17392}.Release|Any CPU.Build.0 = Release|Any CPU
		{5DB0829F-9FAF-4E97-993A-18C1DFE17392}.Release|Mixed Platforms.ActiveCfg = Release|Any CPU
		{5DB0829F-9FAF-4E97-993A-18C1DFE17392}.Release|Mixed Platforms.Build.0 = Release|Any CPU
		{5DB0829F-9FAF-4E97-993A-18C1DFE17392}.Release|x86.ActiveCfg = Release|Any CPU
		{BB68A454-0224-4876-B147-04FB625DB301}.Debug|Any CPU.ActiveCfg = Debug|x86
		{BB68A454-0224-4876-B147-04FB625DB301}.Debug|Any CPU.Build.0 = Debug|x86
		{BB68A454-0224-4876-B147-04FB625DB301}.Debug|Mixed Platforms.ActiveCfg = Debug|x86
		{BB68A454-0224-4876-B147-04FB625DB301}.Debug|Mixed Platforms.Build.0 = Debug|x86
		{BB68A454-0224-4876-B147-04FB625DB301}.Debug|x86.ActiveCfg = Debug|x86
		{BB68A454-0224-4876-B147-04FB625DB301}.Debug|x86.Build.0 = Debug|x86
		{BB68A454-0224-4876-B147-04FB625DB301}.Development|Any CPU.ActiveCfg = QUALIF3.5|x86
		{BB68A454-0224-4876-B147-04FB625DB301}.Development|Any CPU.Build.0 = QUALIF3.5|x86
		{BB68A454-0224-4876-B147-04FB625DB301}.Development|Mixed Platforms.ActiveCfg = DEV|x86
		{BB68A454-0224-4876-B147-04FB625DB301}.Development|Mixed Platforms.Build.0 = DEV|x86
		{BB68A454-0224-4876-B147-04FB625DB301}.Development|x86.ActiveCfg = DEV|x86
		{BB68A454-0224-4876-B147-04FB625DB301}.Development|x86.Build.0 = DEV|x86
		{BB68A454-0224-4876-B147-04FB625DB301}.Release|Any CPU.ActiveCfg = Release|x86
		{BB68A454-0224-4876-B147-04FB625DB301}.Release|Mixed Platforms.ActiveCfg = Release|x86
		{BB68A454-0224-4876-B147-04FB625DB301}.Release|Mixed Platforms.Build.0 = Release|x86
		{BB68A454-0224-4876-B147-04FB625DB301}.Release|x86.ActiveCfg = Release|x86
		{BB68A454-0224-4876-B147-04FB625DB301}.Release|x86.Build.0 = Release|x86
		{5770481B-DA3C-433D-9417-80B1118AAAE3}.Debug|Any CPU.ActiveCfg = Debug|Any CPU
		{5770481B-DA3C-433D-9417-80B1118AAAE3}.Debug|Any CPU.Build.0 = Debug|Any CPU
		{5770481B-DA3C-433D-9417-80B1118AAAE3}.Debug|Mixed Platforms.ActiveCfg = Debug|Any CPU
		{5770481B-DA3C-433D-9417-80B1118AAAE3}.Debug|Mixed Platforms.Build.0 = Debug|Any CPU
		{5770481B-DA3C-433D-9417-80B1118AAAE3}.Debug|x86.ActiveCfg = Debug|Any CPU
		{5770481B-DA3C-433D-9417-80B1118AAAE3}.Development|Any CPU.ActiveCfg = DEV|Any CPU
		{5770481B-DA3C-433D-9417-80B1118AAAE3}.Development|Any CPU.Build.0 = DEV|Any CPU
		{5770481B-DA3C-433D-9417-80B1118AAAE3}.Development|Mixed Platforms.ActiveCfg = DEV|Any CPU
		{5770481B-DA3C-433D-9417-80B1118AAAE3}.Development|Mixed Platforms.Build.0 = DEV|Any CPU
		{5770481B-DA3C-433D-9417-80B1118AAAE3}.Development|x86.ActiveCfg = DEV|Any CPU
		{5770481B-DA3C-433D-9417-80B1118AAAE3}.Development|x86.Build.0 = DEV|Any CPU
		{5770481B-DA3C-433D-9417-80B1118AAAE3}.Release|Any CPU.ActiveCfg = Release|Any CPU
		{5770481B-DA3C-433D-9417-80B1118AAAE3}.Release|Any CPU.Build.0 = Release|Any CPU
		{5770481B-DA3C-433D-9417-80B1118AAAE3}.Release|Mixed Platforms.ActiveCfg = Release|Any CPU
		{5770481B-DA3C-433D-9417-80B1118AAAE3}.Release|Mixed Platforms.Build.0 = Release|Any CPU
		{5770481B-DA3C-433D-9417-80B1118AAAE3}.Release|x86.ActiveCfg = Release|Any CPU
		{5CF69E87-625A-4918-9D6D-D8AD71262F1A}.Debug|Any CPU.ActiveCfg = Debug|x86
		{5CF69E87-625A-4918-9D6D-D8AD71262F1A}.Debug|Any CPU.Build.0 = Debug|x86
		{5CF69E87-625A-4918-9D6D-D8AD71262F1A}.Debug|Mixed Platforms.ActiveCfg = Debug|x86
		{5CF69E87-625A-4918-9D6D-D8AD71262F1A}.Debug|Mixed Platforms.Build.0 = Debug|x86
		{5CF69E87-625A-4918-9D6D-D8AD71262F1A}.Debug|x86.ActiveCfg = Debug|x86
		{5CF69E87-625A-4918-9D6D-D8AD71262F1A}.Debug|x86.Build.0 = Debug|x86
		{5CF69E87-625A-4918-9D6D-D8AD71262F1A}.Development|Any CPU.ActiveCfg = QUALIF3.5|x86
		{5CF69E87-625A-4918-9D6D-D8AD71262F1A}.Development|Any CPU.Build.0 = QUALIF3.5|x86
		{5CF69E87-625A-4918-9D6D-D8AD71262F1A}.Development|Mixed Platforms.ActiveCfg = DEV|x86
		{5CF69E87-625A-4918-9D6D-D8AD71262F1A}.Development|Mixed Platforms.Build.0 = DEV|x86
		{5CF69E87-625A-4918-9D6D-D8AD71262F1A}.Development|x86.ActiveCfg = DEV|x86
		{5CF69E87-625A-4918-9D6D-D8AD71262F1A}.Development|x86.Build.0 = DEV|x86
		{5CF69E87-625A-4918-9D6D-D8AD71262F1A}.Release|Any CPU.ActiveCfg = Release|x86
		{5CF69E87-625A-4918-9D6D-D8AD71262F1A}.Release|Mixed Platforms.ActiveCfg = Release|x86
		{5CF69E87-625A-4918-9D6D-D8AD71262F1A}.Release|Mixed Platforms.Build.0 = Release|x86
		{5CF69E87-625A-4918-9D6D-D8AD71262F1A}.Release|x86.ActiveCfg = Release|x86
		{5CF69E87-625A-4918-9D6D-D8AD71262F1A}.Release|x86.Build.0 = Release|x86
		{B575B5CC-FE17-4B9E-B3B6-73877F609AF9}.Debug|Any CPU.ActiveCfg = Debug|x86
		{B575B5CC-FE17-4B9E-B3B6-73877F609AF9}.Debug|Any CPU.Build.0 = Debug|x86
		{B575B5CC-FE17-4B9E-B3B6-73877F609AF9}.Debug|Mixed Platforms.ActiveCfg = Debug|x86
		{B575B5CC-FE17-4B9E-B3B6-73877F609AF9}.Debug|Mixed Platforms.Build.0 = Debug|x86
		{B575B5CC-FE17-4B9E-B3B6-73877F609AF9}.Debug|x86.ActiveCfg = Debug|x86
		{B575B5CC-FE17-4B9E-B3B6-73877F609AF9}.Debug|x86.Build.0 = Debug|x86
		{B575B5CC-FE17-4B9E-B3B6-73877F609AF9}.Development|Any CPU.ActiveCfg = QUALIF3.5|x86
		{B575B5CC-FE17-4B9E-B3B6-73877F609AF9}.Development|Any CPU.Build.0 = QUALIF3.5|x86
		{B575B5CC-FE17-4B9E-B3B6-73877F609AF9}.Development|Mixed Platforms.ActiveCfg = DEV|x86
		{B575B5CC-FE17-4B9E-B3B6-73877F609AF9}.Development|Mixed Platforms.Build.0 = DEV|x86
		{B575B5CC-FE17-4B9E-B3B6-73877F609AF9}.Development|x86.ActiveCfg = DEV|x86
		{B575B5CC-FE17-4B9E-B3B6-73877F609AF9}.Development|x86.Build.0 = DEV|x86
		{B575B5CC-FE17-4B9E-B3B6-73877F609AF9}.Release|Any CPU.ActiveCfg = Release|x86
		{B575B5CC-FE17-4B9E-B3B6-73877F609AF9}.Release|Mixed Platforms.ActiveCfg = Release|x86
		{B575B5CC-FE17-4B9E-B3B6-73877F609AF9}.Release|Mixed Platforms.Build.0 = Release|x86
		{B575B5CC-FE17-4B9E-B3B6-73877F609AF9}.Release|x86.ActiveCfg = Release|x86
		{B575B5CC-FE17-4B9E-B3B6-73877F609AF9}.Release|x86.Build.0 = Release|x86
		{D7DAEAE5-167C-4A61-B762-F05AC767800B}.Debug|Any CPU.ActiveCfg = Debug|x86
		{D7DAEAE5-167C-4A61-B762-F05AC767800B}.Debug|Any CPU.Build.0 = Debug|x86
		{D7DAEAE5-167C-4A61-B762-F05AC767800B}.Debug|Mixed Platforms.ActiveCfg = Debug|x86
		{D7DAEAE5-167C-4A61-B762-F05AC767800B}.Debug|Mixed Platforms.Build.0 = Debug|x86
		{D7DAEAE5-167C-4A61-B762-F05AC767800B}.Debug|x86.ActiveCfg = Debug|x86
		{D7DAEAE5-167C-4A61-B762-F05AC767800B}.Debug|x86.Build.0 = Debug|x86
		{D7DAEAE5-167C-4A61-B762-F05AC767800B}.Development|Any CPU.ActiveCfg = QUALIF3.5|x86
		{D7DAEAE5-167C-4A61-B762-F05AC767800B}.Development|Any CPU.Build.0 = QUALIF3.5|x86
		{D7DAEAE5-167C-4A61-B762-F05AC767800B}.Development|Mixed Platforms.ActiveCfg = DEV|x86
		{D7DAEAE5-167C-4A61-B762-F05AC767800B}.Development|Mixed Platforms.Build.0 = DEV|x86
		{D7DAEAE5-167C-4A61-B762-F05AC767800B}.Development|x86.ActiveCfg = DEV|x86
		{D7DAEAE5-167C-4A61-B762-F05AC767800B}.Development|x86.Build.0 = DEV|x86
		{D7DAEAE5-167C-4A61-B762-F05AC767800B}.Release|Any CPU.ActiveCfg = Release|x86
		{D7DAEAE5-167C-4A61-B762-F05AC767800B}.Release|Mixed Platforms.ActiveCfg = Release|x86
		{D7DAEAE5-167C-4A61-B762-F05AC767800B}.Release|Mixed Platforms.Build.0 = Release|x86
		{D7DAEAE5-167C-4A61-B762-F05AC767800B}.Release|x86.ActiveCfg = Release|x86
		{D7DAEAE5-167C-4A61-B762-F05AC767800B}.Release|x86.Build.0 = Release|x86
		{3739C3A3-358B-4DC7-A734-7120222077C4}.Debug|Any CPU.ActiveCfg = Debug|Any CPU
		{3739C3A3-358B-4DC7-A734-7120222077C4}.Debug|Any CPU.Build.0 = Debug|Any CPU
		{3739C3A3-358B-4DC7-A734-7120222077C4}.Debug|Mixed Platforms.ActiveCfg = Debug|Any CPU
		{3739C3A3-358B-4DC7-A734-7120222077C4}.Debug|Mixed Platforms.Build.0 = Debug|Any CPU
		{3739C3A3-358B-4DC7-A734-7120222077C4}.Debug|x86.ActiveCfg = Debug|Any CPU
		{3739C3A3-358B-4DC7-A734-7120222077C4}.Debug|x86.Build.0 = Debug|Any CPU
		{3739C3A3-358B-4DC7-A734-7120222077C4}.Development|Any CPU.ActiveCfg = Debug|Any CPU
		{3739C3A3-358B-4DC7-A734-7120222077C4}.Development|Any CPU.Build.0 = Debug|Any CPU
		{3739C3A3-358B-4DC7-A734-7120222077C4}.Development|Mixed Platforms.ActiveCfg = Debug|Any CPU
		{3739C3A3-358B-4DC7-A734-7120222077C4}.Development|Mixed Platforms.Build.0 = Debug|Any CPU
		{3739C3A3-358B-4DC7-A734-7120222077C4}.Development|x86.ActiveCfg = Debug|Any CPU
		{3739C3A3-358B-4DC7-A734-7120222077C4}.Development|x86.Build.0 = Debug|Any CPU
		{3739C3A3-358B-4DC7-A734-7120222077C4}.Release|Any CPU.ActiveCfg = Release|Any CPU
		{3739C3A3-358B-4DC7-A734-7120222077C4}.Release|Any CPU.Build.0 = Release|Any CPU
		{3739C3A3-358B-4DC7-A734-7120222077C4}.Release|Mixed Platforms.ActiveCfg = Release|Any CPU
		{3739C3A3-358B-4DC7-A734-7120222077C4}.Release|Mixed Platforms.Build.0 = Release|Any CPU
		{3739C3A3-358B-4DC7-A734-7120222077C4}.Release|x86.ActiveCfg = Release|Any CPU
		{3739C3A3-358B-4DC7-A734-7120222077C4}.Release|x86.Build.0 = Release|Any CPU
		{E9EC9AF3-7A77-4B8A-894F-EE2F6C750115}.Debug|Any CPU.ActiveCfg = Debug|Any CPU
		{E9EC9AF3-7A77-4B8A-894F-EE2F6C750115}.Debug|Any CPU.Build.0 = Debug|Any CPU
		{E9EC9AF3-7A77-4B8A-894F-EE2F6C750115}.Debug|Mixed Platforms.ActiveCfg = Debug|Any CPU
		{E9EC9AF3-7A77-4B8A-894F-EE2F6C750115}.Debug|Mixed Platforms.Build.0 = Debug|Any CPU
		{E9EC9AF3-7A77-4B8A-894F-EE2F6C750115}.Debug|x86.ActiveCfg = Debug|Any CPU
		{E9EC9AF3-7A77-4B8A-894F-EE2F6C750115}.Debug|x86.Build.0 = Debug|Any CPU
		{E9EC9AF3-7A77-4B8A-894F-EE2F6C750115}.Development|Any CPU.ActiveCfg = Debug|Any CPU
		{E9EC9AF3-7A77-4B8A-894F-EE2F6C750115}.Development|Any CPU.Build.0 = Debug|Any CPU
		{E9EC9AF3-7A77-4B8A-894F-EE2F6C750115}.Development|Mixed Platforms.ActiveCfg = Debug|Any CPU
		{E9EC9AF3-7A77-4B8A-894F-EE2F6C750115}.Development|Mixed Platforms.Build.0 = Debug|Any CPU
		{E9EC9AF3-7A77-4B8A-894F-EE2F6C750115}.Development|x86.ActiveCfg = Debug|Any CPU
		{E9EC9AF3-7A77-4B8A-894F-EE2F6C750115}.Development|x86.Build.0 = Debug|Any CPU
		{E9EC9AF3-7A77-4B8A-894F-EE2F6C750115}.Release|Any CPU.ActiveCfg = Release|Any CPU
		{E9EC9AF3-7A77-4B8A-894F-EE2F6C750115}.Release|Any CPU.Build.0 = Release|Any CPU
		{E9EC9AF3-7A77-4B8A-894F-EE2F6C750115}.Release|Mixed Platforms.ActiveCfg = Release|Any CPU
		{E9EC9AF3-7A77-4B8A-894F-EE2F6C750115}.Release|Mixed Platforms.Build.0 = Release|Any CPU
		{E9EC9AF3-7A77-4B8A-894F-EE2F6C750115}.Release|x86.ActiveCfg = Release|Any CPU
		{E9EC9AF3-7A77-4B8A-894F-EE2F6C750115}.Release|x86.Build.0 = Release|Any CPU
		{7D876E17-69DD-435C-9951-F28D477B0705}.Debug|Any CPU.ActiveCfg = Debug|Any CPU
		{7D876E17-69DD-435C-9951-F28D477B0705}.Debug|Any CPU.Build.0 = Debug|Any CPU
		{7D876E17-69DD-435C-9951-F28D477B0705}.Debug|Mixed Platforms.ActiveCfg = Debug|Any CPU
		{7D876E17-69DD-435C-9951-F28D477B0705}.Debug|Mixed Platforms.Build.0 = Debug|Any CPU
		{7D876E17-69DD-435C-9951-F28D477B0705}.Debug|x86.ActiveCfg = Debug|Any CPU
		{7D876E17-69DD-435C-9951-F28D477B0705}.Debug|x86.Build.0 = Debug|Any CPU
		{7D876E17-69DD-435C-9951-F28D477B0705}.Development|Any CPU.ActiveCfg = Debug|Any CPU
		{7D876E17-69DD-435C-9951-F28D477B0705}.Development|Any CPU.Build.0 = Debug|Any CPU
		{7D876E17-69DD-435C-9951-F28D477B0705}.Development|Mixed Platforms.ActiveCfg = Debug|Any CPU
		{7D876E17-69DD-435C-9951-F28D477B0705}.Development|Mixed Platforms.Build.0 = Debug|Any CPU
		{7D876E17-69DD-435C-9951-F28D477B0705}.Development|x86.ActiveCfg = Debug|Any CPU
		{7D876E17-69DD-435C-9951-F28D477B0705}.Development|x86.Build.0 = Debug|Any CPU
		{7D876E17-69DD-435C-9951-F28D477B0705}.Release|Any CPU.ActiveCfg = Release|Any CPU
		{7D876E17-69DD-435C-9951-F28D477B0705}.Release|Any CPU.Build.0 = Release|Any CPU
		{7D876E17-69DD-435C-9951-F28D477B0705}.Release|Mixed Platforms.ActiveCfg = Release|Any CPU
		{7D876E17-69DD-435C-9951-F28D477B0705}.Release|Mixed Platforms.Build.0 = Release|Any CPU
		{7D876E17-69DD-435C-9951-F28D477B0705}.Release|x86.ActiveCfg = Release|Any CPU
		{7D876E17-69DD-435C-9951-F28D477B0705}.Release|x86.Build.0 = Release|Any CPU
	EndGlobalSection
	GlobalSection(SolutionProperties) = preSolution
		HideSolutionNode = FALSE
	EndGlobalSection
	GlobalSection(NestedProjects) = preSolution
		{3C91099A-1E98-4212-A931-373646EE79A0} = {39A77CC0-2174-4882-9181-2E16FE4D2A8F}
		{FA9D5B6A-7C17-43F4-8260-4CC29AF01873} = {3C91099A-1E98-4212-A931-373646EE79A0}
		{29157EB4-3B45-4AB5-9084-ACC83C045FF2} = {3C91099A-1E98-4212-A931-373646EE79A0}
	EndGlobalSection
EndGlobal
